
Microsoft Visual Studio Solution File, Format Version 12.00
# Visual Studio Version 16
VisualStudioVersion = 16.0.30907.101
MinimumVisualStudioVersion = 10.0.40219.1
Project("{FAE04EC0-301F-11D3-BF4B-00C04F79EFBC}") = "Hilos", "Hilos\Hilos.csproj", "{5651FD4D-C692-4444-A4EF-BE260DE2A3A0}"
EndProject
Global
	GlobalSection(SolutionConfigurationPlatforms) = preSolution
		Debug|Any CPU = Debug|Any CPU
		Release|Any CPU = Release|Any CPU
	EndGlobalSection
	GlobalSection(ProjectConfigurationPlatforms) = postSolution
		{5651FD4D-C692-4444-A4EF-BE260DE2A3A0}.Debug|Any CPU.ActiveCfg = Debug|Any CPU
		{5651FD4D-C692-4444-A4EF-BE260DE2A3A0}.Debug|Any CPU.Build.0 = Debug|Any CPU
		{5651FD4D-C692-4444-A4EF-BE260DE2A3A0}.Release|Any CPU.ActiveCfg = Release|Any CPU
		{5651FD4D-C692-4444-A4EF-BE260DE2A3A0}.Release|Any CPU.Build.0 = Release|Any CPU
	EndGlobalSection
	GlobalSection(SolutionProperties) = preSolution
		HideSolutionNode = FALSE
	EndGlobalSection
	GlobalSection(ExtensibilityGlobals) = postSolution
		SolutionGuid = {C903237A-E7C6-4490-852A-D34227BA4387}
	EndGlobalSection
EndGlobal
